
Microsoft Visual Studio Solution File, Format Version 12.00
# Visual Studio Version 17
VisualStudioVersion = 17.6.33723.286
MinimumVisualStudioVersion = 10.0.40219.1
Project("{9A19103F-16F7-4668-BE54-9A1E7A4F7556}") = "DemoProject.API", "DemoProject\DemoProject.API.csproj", "{E8EB89EE-A70A-44DA-8C47-921C87AC1D49}"
EndProject
Global
	GlobalSection(SolutionConfigurationPlatforms) = preSolution
		Debug|Any CPU = Debug|Any CPU
		Release|Any CPU = Release|Any CPU
	EndGlobalSection
	GlobalSection(ProjectConfigurationPlatforms) = postSolution
		{E8EB89EE-A70A-44DA-8C47-921C87AC1D49}.Debug|Any CPU.ActiveCfg = Debug|Any CPU
		{E8EB89EE-A70A-44DA-8C47-921C87AC1D49}.Debug|Any CPU.Build.0 = Debug|Any CPU
		{E8EB89EE-A70A-44DA-8C47-921C87AC1D49}.Release|Any CPU.ActiveCfg = Release|Any CPU
		{E8EB89EE-A70A-44DA-8C47-921C87AC1D49}.Release|Any CPU.Build.0 = Release|Any CPU
	EndGlobalSection
	GlobalSection(SolutionProperties) = preSolution
		HideSolutionNode = FALSE
	EndGlobalSection
	GlobalSection(ExtensibilityGlobals) = postSolution
		SolutionGuid = {599CB37A-F6FD-4C25-A30F-441DC5A66E95}
	EndGlobalSection
EndGlobal
